
Microsoft Visual Studio Solution File, Format Version 12.00
# Visual Studio Version 17
VisualStudioVersion = 17.7.34003.232
MinimumVisualStudioVersion = 10.0.40219.1
Project("{FAE04EC0-301F-11D3-BF4B-00C04F79EFBC}") = "taller2", "taller2.csproj", "{7C2A8C07-FE6F-469B-BFD8-E5DF55152684}"
EndProject
Global
	GlobalSection(SolutionConfigurationPlatforms) = preSolution
		Debug|Any CPU = Debug|Any CPU
		Release|Any CPU = Release|Any CPU
	EndGlobalSection
	GlobalSection(ProjectConfigurationPlatforms) = postSolution
		{7C2A8C07-FE6F-469B-BFD8-E5DF55152684}.Debug|Any CPU.ActiveCfg = Debug|Any CPU
		{7C2A8C07-FE6F-469B-BFD8-E5DF55152684}.Debug|Any CPU.Build.0 = Debug|Any CPU
		{7C2A8C07-FE6F-469B-BFD8-E5DF55152684}.Release|Any CPU.ActiveCfg = Release|Any CPU
		{7C2A8C07-FE6F-469B-BFD8-E5DF55152684}.Release|Any CPU.Build.0 = Release|Any CPU
	EndGlobalSection
	GlobalSection(SolutionProperties) = preSolution
		HideSolutionNode = FALSE
	EndGlobalSection
	GlobalSection(ExtensibilityGlobals) = postSolution
		SolutionGuid = {D9FE08EE-5761-46FB-ADF7-B86C9B8D72C7}
	EndGlobalSection
EndGlobal
