
Microsoft Visual Studio Solution File, Format Version 12.00
# Visual Studio Version 17
VisualStudioVersion = 17.4.33213.308
MinimumVisualStudioVersion = 10.0.40219.1
Project("{FAE04EC0-301F-11D3-BF4B-00C04F79EFBC}") = "natillera", "natillera\natillera.csproj", "{04D6F4FC-3BE0-4867-B242-68134E3AFF7A}"
EndProject
Global
	GlobalSection(SolutionConfigurationPlatforms) = preSolution
		Debug|Any CPU = Debug|Any CPU
		Release|Any CPU = Release|Any CPU
	EndGlobalSection
	GlobalSection(ProjectConfigurationPlatforms) = postSolution
		{04D6F4FC-3BE0-4867-B242-68134E3AFF7A}.Debug|Any CPU.ActiveCfg = Debug|Any CPU
		{04D6F4FC-3BE0-4867-B242-68134E3AFF7A}.Debug|Any CPU.Build.0 = Debug|Any CPU
		{04D6F4FC-3BE0-4867-B242-68134E3AFF7A}.Release|Any CPU.ActiveCfg = Release|Any CPU
		{04D6F4FC-3BE0-4867-B242-68134E3AFF7A}.Release|Any CPU.Build.0 = Release|Any CPU
	EndGlobalSection
	GlobalSection(SolutionProperties) = preSolution
		HideSolutionNode = FALSE
	EndGlobalSection
	GlobalSection(ExtensibilityGlobals) = postSolution
		SolutionGuid = {85385353-ED27-46D6-B89E-8A4EFC33AEFB}
	EndGlobalSection
EndGlobal
