
Microsoft Visual Studio Solution File, Format Version 12.00
# Visual Studio Version 16
VisualStudioVersion = 16.0.32106.194
MinimumVisualStudioVersion = 10.0.40219.1
Project("{FAE04EC0-301F-11D3-BF4B-00C04F79EFBC}") = "Punto2", "Punto2\Punto2.csproj", "{2F19F501-998E-433D-A9AE-0F0E36DE461F}"
EndProject
Global
	GlobalSection(SolutionConfigurationPlatforms) = preSolution
		Debug|Any CPU = Debug|Any CPU
		Release|Any CPU = Release|Any CPU
	EndGlobalSection
	GlobalSection(ProjectConfigurationPlatforms) = postSolution
		{2F19F501-998E-433D-A9AE-0F0E36DE461F}.Debug|Any CPU.ActiveCfg = Debug|Any CPU
		{2F19F501-998E-433D-A9AE-0F0E36DE461F}.Debug|Any CPU.Build.0 = Debug|Any CPU
		{2F19F501-998E-433D-A9AE-0F0E36DE461F}.Release|Any CPU.ActiveCfg = Release|Any CPU
		{2F19F501-998E-433D-A9AE-0F0E36DE461F}.Release|Any CPU.Build.0 = Release|Any CPU
	EndGlobalSection
	GlobalSection(SolutionProperties) = preSolution
		HideSolutionNode = FALSE
	EndGlobalSection
	GlobalSection(ExtensibilityGlobals) = postSolution
		SolutionGuid = {EB429612-2A88-4033-903B-487E0F1E07EA}
	EndGlobalSection
EndGlobal
