
Microsoft Visual Studio Solution File, Format Version 12.00
# Visual Studio Version 17
VisualStudioVersion = 17.6.33829.357
MinimumVisualStudioVersion = 10.0.40219.1
Project("{FAE04EC0-301F-11D3-BF4B-00C04F79EFBC}") = "dagParcial-1", "dagParcial-1.csproj", "{63095CB7-F4DD-459F-A17C-47208F87632F}"
EndProject
Global
	GlobalSection(SolutionConfigurationPlatforms) = preSolution
		Debug|Any CPU = Debug|Any CPU
		Release|Any CPU = Release|Any CPU
	EndGlobalSection
	GlobalSection(ProjectConfigurationPlatforms) = postSolution
		{63095CB7-F4DD-459F-A17C-47208F87632F}.Debug|Any CPU.ActiveCfg = Debug|Any CPU
		{63095CB7-F4DD-459F-A17C-47208F87632F}.Debug|Any CPU.Build.0 = Debug|Any CPU
		{63095CB7-F4DD-459F-A17C-47208F87632F}.Release|Any CPU.ActiveCfg = Release|Any CPU
		{63095CB7-F4DD-459F-A17C-47208F87632F}.Release|Any CPU.Build.0 = Release|Any CPU
	EndGlobalSection
	GlobalSection(SolutionProperties) = preSolution
		HideSolutionNode = FALSE
	EndGlobalSection
	GlobalSection(ExtensibilityGlobals) = postSolution
		SolutionGuid = {1D13E08E-EE09-44E0-846A-C5479474E9D0}
	EndGlobalSection
EndGlobal
