
Microsoft Visual Studio Solution File, Format Version 12.00
# Visual Studio Version 17
VisualStudioVersion = 17.7.34003.232
MinimumVisualStudioVersion = 10.0.40219.1
Project("{FAE04EC0-301F-11D3-BF4B-00C04F79EFBC}") = "parcial2", "parcial2.csproj", "{8926F73E-7552-4F1D-8C59-70B29013282A}"
EndProject
Global
	GlobalSection(SolutionConfigurationPlatforms) = preSolution
		Debug|Any CPU = Debug|Any CPU
		Release|Any CPU = Release|Any CPU
	EndGlobalSection
	GlobalSection(ProjectConfigurationPlatforms) = postSolution
		{8926F73E-7552-4F1D-8C59-70B29013282A}.Debug|Any CPU.ActiveCfg = Debug|Any CPU
		{8926F73E-7552-4F1D-8C59-70B29013282A}.Debug|Any CPU.Build.0 = Debug|Any CPU
		{8926F73E-7552-4F1D-8C59-70B29013282A}.Release|Any CPU.ActiveCfg = Release|Any CPU
		{8926F73E-7552-4F1D-8C59-70B29013282A}.Release|Any CPU.Build.0 = Release|Any CPU
	EndGlobalSection
	GlobalSection(SolutionProperties) = preSolution
		HideSolutionNode = FALSE
	EndGlobalSection
	GlobalSection(ExtensibilityGlobals) = postSolution
		SolutionGuid = {4A2B11EE-9EBD-41F7-9484-AA1B77691A54}
	EndGlobalSection
EndGlobal
