
Microsoft Visual Studio Solution File, Format Version 12.00
# Visual Studio Version 17
VisualStudioVersion = 17.6.33829.357
MinimumVisualStudioVersion = 10.0.40219.1
Project("{FAE04EC0-301F-11D3-BF4B-00C04F79EFBC}") = "Punto1a", "Punto1a\Punto1a.csproj", "{0ACC09EE-069B-4631-8FE4-43464C0647D9}"
EndProject
Global
	GlobalSection(SolutionConfigurationPlatforms) = preSolution
		Debug|Any CPU = Debug|Any CPU
		Release|Any CPU = Release|Any CPU
	EndGlobalSection
	GlobalSection(ProjectConfigurationPlatforms) = postSolution
		{0ACC09EE-069B-4631-8FE4-43464C0647D9}.Debug|Any CPU.ActiveCfg = Debug|Any CPU
		{0ACC09EE-069B-4631-8FE4-43464C0647D9}.Debug|Any CPU.Build.0 = Debug|Any CPU
		{0ACC09EE-069B-4631-8FE4-43464C0647D9}.Release|Any CPU.ActiveCfg = Release|Any CPU
		{0ACC09EE-069B-4631-8FE4-43464C0647D9}.Release|Any CPU.Build.0 = Release|Any CPU
	EndGlobalSection
	GlobalSection(SolutionProperties) = preSolution
		HideSolutionNode = FALSE
	EndGlobalSection
	GlobalSection(ExtensibilityGlobals) = postSolution
		SolutionGuid = {90D81EAA-6CA4-441A-BB09-EB0F979353D9}
	EndGlobalSection
EndGlobal
