
Microsoft Visual Studio Solution File, Format Version 12.00
# Visual Studio Version 17
VisualStudioVersion = 17.6.33829.357
MinimumVisualStudioVersion = 10.0.40219.1
Project("{FAE04EC0-301F-11D3-BF4B-00C04F79EFBC}") = "Parcial1", "Parcial1.csproj", "{DF0055A4-AB36-413F-9600-4B6200F60B8A}"
EndProject
Global
	GlobalSection(SolutionConfigurationPlatforms) = preSolution
		Debug|Any CPU = Debug|Any CPU
		Release|Any CPU = Release|Any CPU
	EndGlobalSection
	GlobalSection(ProjectConfigurationPlatforms) = postSolution
		{DF0055A4-AB36-413F-9600-4B6200F60B8A}.Debug|Any CPU.ActiveCfg = Debug|Any CPU
		{DF0055A4-AB36-413F-9600-4B6200F60B8A}.Debug|Any CPU.Build.0 = Debug|Any CPU
		{DF0055A4-AB36-413F-9600-4B6200F60B8A}.Release|Any CPU.ActiveCfg = Release|Any CPU
		{DF0055A4-AB36-413F-9600-4B6200F60B8A}.Release|Any CPU.Build.0 = Release|Any CPU
	EndGlobalSection
	GlobalSection(SolutionProperties) = preSolution
		HideSolutionNode = FALSE
	EndGlobalSection
	GlobalSection(ExtensibilityGlobals) = postSolution
		SolutionGuid = {193B25BD-7DE2-46CC-A373-121AAA9FBAFF}
	EndGlobalSection
EndGlobal
