
Microsoft Visual Studio Solution File, Format Version 12.00
# Visual Studio Version 16
VisualStudioVersion = 16.0.32106.194
MinimumVisualStudioVersion = 10.0.40219.1
Project("{FAE04EC0-301F-11D3-BF4B-00C04F79EFBC}") = "PARCIAL1", "PARCIAL1\PARCIAL1.csproj", "{11DF9F88-27F9-4927-A331-29A1F838634C}"
EndProject
Global
	GlobalSection(SolutionConfigurationPlatforms) = preSolution
		Debug|Any CPU = Debug|Any CPU
		Release|Any CPU = Release|Any CPU
	EndGlobalSection
	GlobalSection(ProjectConfigurationPlatforms) = postSolution
		{11DF9F88-27F9-4927-A331-29A1F838634C}.Debug|Any CPU.ActiveCfg = Debug|Any CPU
		{11DF9F88-27F9-4927-A331-29A1F838634C}.Debug|Any CPU.Build.0 = Debug|Any CPU
		{11DF9F88-27F9-4927-A331-29A1F838634C}.Release|Any CPU.ActiveCfg = Release|Any CPU
		{11DF9F88-27F9-4927-A331-29A1F838634C}.Release|Any CPU.Build.0 = Release|Any CPU
	EndGlobalSection
	GlobalSection(SolutionProperties) = preSolution
		HideSolutionNode = FALSE
	EndGlobalSection
	GlobalSection(ExtensibilityGlobals) = postSolution
		SolutionGuid = {BFB054AF-CC4A-4621-8414-BD3A503BB738}
	EndGlobalSection
EndGlobal
